// !$*UTF8*$!
{
	archiveVersion = 1;
	classes = {
	};
	objectVersion = 56;
	objects = {

/* Begin PBXBuildFile section */
		072D483529499E0B0068D9BF /* Launch Screen.storyboard in Resources */ = {isa = PBXBuildFile; fileRef = 072D483429499E0B0068D9BF /* Launch Screen.storyboard */; };
		07BE21AA29499312009EF326 /* CafeMapApp.swift in Sources */ = {isa = PBXBuildFile; fileRef = 07BE21A929499312009EF326 /* CafeMapApp.swift */; };
		07BE21AC29499312009EF326 /* ContentView.swift in Sources */ = {isa = PBXBuildFile; fileRef = 07BE21AB29499312009EF326 /* ContentView.swift */; };
		07BE21AE29499313009EF326 /* Assets.xcassets in Resources */ = {isa = PBXBuildFile; fileRef = 07BE21AD29499313009EF326 /* Assets.xcassets */; };
		07BE21B129499313009EF326 /* Preview Assets.xcassets in Resources */ = {isa = PBXBuildFile; fileRef = 07BE21B029499313009EF326 /* Preview Assets.xcassets */; };
		07BE21BB29499313009EF326 /* CafeMapTests.swift in Sources */ = {isa = PBXBuildFile; fileRef = 07BE21BA29499313009EF326 /* CafeMapTests.swift */; };
		07BE21C529499313009EF326 /* CafeMapUITests.swift in Sources */ = {isa = PBXBuildFile; fileRef = 07BE21C429499313009EF326 /* CafeMapUITests.swift */; };
		07BE21C729499313009EF326 /* CafeMapUITestsLaunchTests.swift in Sources */ = {isa = PBXBuildFile; fileRef = 07BE21C629499313009EF326 /* CafeMapUITestsLaunchTests.swift */; };
/* End PBXBuildFile section */

/* Begin PBXContainerItemProxy section */
		07BE21B729499313009EF326 /* PBXContainerItemProxy */ = {
			isa = PBXContainerItemProxy;
			containerPortal = 07BE219E29499312009EF326 /* Project object */;
			proxyType = 1;
			remoteGlobalIDString = 07BE21A529499312009EF326;
			remoteInfo = CafeMap;
		};
		07BE21C129499313009EF326 /* PBXContainerItemProxy */ = {
			isa = PBXContainerItemProxy;
			containerPortal = 07BE219E29499312009EF326 /* Project object */;
			proxyType = 1;
			remoteGlobalIDString = 07BE21A529499312009EF326;
			remoteInfo = CafeMap;
		};
/* End PBXContainerItemProxy section */

/* Begin PBXFileReference section */
		072D483429499E0B0068D9BF /* Launch Screen.storyboard */ = {isa = PBXFileReference; lastKnownFileType = file.storyboard; path = "Launch Screen.storyboard"; sourceTree = "<group>"; };
		07BE21A629499312009EF326 /* CafeMap.app */ = {isa = PBXFileReference; explicitFileType = wrapper.application; includeInIndex = 0; path = CafeMap.app; sourceTree = BUILT_PRODUCTS_DIR; };
		07BE21A929499312009EF326 /* CafeMapApp.swift */ = {isa = PBXFileReference; lastKnownFileType = sourcecode.swift; path = CafeMapApp.swift; sourceTree = "<group>"; };
		07BE21AB29499312009EF326 /* ContentView.swift */ = {isa = PBXFileReference; lastKnownFileType = sourcecode.swift; path = ContentView.swift; sourceTree = "<group>"; };
		07BE21AD29499313009EF326 /* Assets.xcassets */ = {isa = PBXFileReference; lastKnownFileType = folder.assetcatalog; path = Assets.xcassets; sourceTree = "<group>"; };
		07BE21B029499313009EF326 /* Preview Assets.xcassets */ = {isa = PBXFileReference; lastKnownFileType = folder.assetcatalog; path = "Preview Assets.xcassets"; sourceTree = "<group>"; };
		07BE21B629499313009EF326 /* CafeMapTests.xctest */ = {isa = PBXFileReference; explicitFileType = wrapper.cfbundle; includeInIndex = 0; path = CafeMapTests.xctest; sourceTree = BUILT_PRODUCTS_DIR; };
		07BE21BA29499313009EF326 /* CafeMapTests.swift */ = {isa = PBXFileReference; lastKnownFileType = sourcecode.swift; path = CafeMapTests.swift; sourceTree = "<group>"; };
		07BE21C029499313009EF326 /* CafeMapUITests.xctest */ = {isa = PBXFileReference; explicitFileType = wrapper.cfbundle; includeInIndex = 0; path = CafeMapUITests.xctest; sourceTree = BUILT_PRODUCTS_DIR; };
		07BE21C429499313009EF326 /* CafeMapUITests.swift */ = {isa = PBXFileReference; lastKnownFileType = sourcecode.swift; path = CafeMapUITests.swift; sourceTree = "<group>"; };
		07BE21C629499313009EF326 /* CafeMapUITestsLaunchTests.swift */ = {isa = PBXFileReference; lastKnownFileType = sourcecode.swift; path = CafeMapUITestsLaunchTests.swift; sourceTree = "<group>"; };
/* End PBXFileReference section */

/* Begin PBXFrameworksBuildPhase section */
		07BE21A329499312009EF326 /* Frameworks */ = {
			isa = PBXFrameworksBuildPhase;
			buildActionMask = 2147483647;
			files = (
			);
			runOnlyForDeploymentPostprocessing = 0;
		};
		07BE21B329499313009EF326 /* Frameworks */ = {
			isa = PBXFrameworksBuildPhase;
			buildActionMask = 2147483647;
			files = (
			);
			runOnlyForDeploymentPostprocessing = 0;
		};
		07BE21BD29499313009EF326 /* Frameworks */ = {
			isa = PBXFrameworksBuildPhase;
			buildActionMask = 2147483647;
			files = (
			);
			runOnlyForDeploymentPostprocessing = 0;
		};
/* End PBXFrameworksBuildPhase section */

/* Begin PBXGroup section */
		072D483329499DF40068D9BF /* StoryBoard */ = {
			isa = PBXGroup;
			children = (
				072D483429499E0B0068D9BF /* Launch Screen.storyboard */,
			);
			path = StoryBoard;
			sourceTree = "<group>";
		};
		07BE219D29499312009EF326 = {
			isa = PBXGroup;
			children = (
				07BE21A829499312009EF326 /* CafeMap */,
				07BE21B929499313009EF326 /* CafeMapTests */,
				07BE21C329499313009EF326 /* CafeMapUITests */,
				07BE21A729499312009EF326 /* Products */,
			);
			sourceTree = "<group>";
		};
		07BE21A729499312009EF326 /* Products */ = {
			isa = PBXGroup;
			children = (
				07BE21A629499312009EF326 /* CafeMap.app */,
				07BE21B629499313009EF326 /* CafeMapTests.xctest */,
				07BE21C029499313009EF326 /* CafeMapUITests.xctest */,
			);
			name = Products;
			sourceTree = "<group>";
		};
		07BE21A829499312009EF326 /* CafeMap */ = {
			isa = PBXGroup;
			children = (
				072D483329499DF40068D9BF /* StoryBoard */,
				07BE21A929499312009EF326 /* CafeMapApp.swift */,
				07BE21AB29499312009EF326 /* ContentView.swift */,
				07BE21AD29499313009EF326 /* Assets.xcassets */,
				07BE21AF29499313009EF326 /* Preview Content */,
			);
			path = CafeMap;
			sourceTree = "<group>";
		};
		07BE21AF29499313009EF326 /* Preview Content */ = {
			isa = PBXGroup;
			children = (
				07BE21B029499313009EF326 /* Preview Assets.xcassets */,
			);
			path = "Preview Content";
			sourceTree = "<group>";
		};
		07BE21B929499313009EF326 /* CafeMapTests */ = {
			isa = PBXGroup;
			children = (
				07BE21BA29499313009EF326 /* CafeMapTests.swift */,
			);
			path = CafeMapTests;
			sourceTree = "<group>";
		};
		07BE21C329499313009EF326 /* CafeMapUITests */ = {
			isa = PBXGroup;
			children = (
				07BE21C429499313009EF326 /* CafeMapUITests.swift */,
				07BE21C629499313009EF326 /* CafeMapUITestsLaunchTests.swift */,
			);
			path = CafeMapUITests;
			sourceTree = "<group>";
		};
/* End PBXGroup section */

/* Begin PBXNativeTarget section */
		07BE21A529499312009EF326 /* CafeMap */ = {
			isa = PBXNativeTarget;
			buildConfigurationList = 07BE21CA29499313009EF326 /* Build configuration list for PBXNativeTarget "CafeMap" */;
			buildPhases = (
				07BE21A229499312009EF326 /* Sources */,
				07BE21A329499312009EF326 /* Frameworks */,
				07BE21A429499312009EF326 /* Resources */,
			);
			buildRules = (
			);
			dependencies = (
			);
			name = CafeMap;
			productName = CafeMap;
			productReference = 07BE21A629499312009EF326 /* CafeMap.app */;
			productType = "com.apple.product-type.application";
		};
		07BE21B529499313009EF326 /* CafeMapTests */ = {
			isa = PBXNativeTarget;
			buildConfigurationList = 07BE21CD29499313009EF326 /* Build configuration list for PBXNativeTarget "CafeMapTests" */;
			buildPhases = (
				07BE21B229499313009EF326 /* Sources */,
				07BE21B329499313009EF326 /* Frameworks */,
				07BE21B429499313009EF326 /* Resources */,
			);
			buildRules = (
			);
			dependencies = (
				07BE21B829499313009EF326 /* PBXTargetDependency */,
			);
			name = CafeMapTests;
			productName = CafeMapTests;
			productReference = 07BE21B629499313009EF326 /* CafeMapTests.xctest */;
			productType = "com.apple.product-type.bundle.unit-test";
		};
		07BE21BF29499313009EF326 /* CafeMapUITests */ = {
			isa = PBXNativeTarget;
			buildConfigurationList = 07BE21D029499313009EF326 /* Build configuration list for PBXNativeTarget "CafeMapUITests" */;
			buildPhases = (
				07BE21BC29499313009EF326 /* Sources */,
				07BE21BD29499313009EF326 /* Frameworks */,
				07BE21BE29499313009EF326 /* Resources */,
			);
			buildRules = (
			);
			dependencies = (
				07BE21C229499313009EF326 /* PBXTargetDependency */,
			);
			name = CafeMapUITests;
			productName = CafeMapUITests;
			productReference = 07BE21C029499313009EF326 /* CafeMapUITests.xctest */;
			productType = "com.apple.product-type.bundle.ui-testing";
		};
/* End PBXNativeTarget section */

/* Begin PBXProject section */
		07BE219E29499312009EF326 /* Project object */ = {
			isa = PBXProject;
			attributes = {
				BuildIndependentTargetsInParallel = 1;
				LastSwiftUpdateCheck = 1410;
				LastUpgradeCheck = 1410;
				TargetAttributes = {
					07BE21A529499312009EF326 = {
						CreatedOnToolsVersion = 14.1;
					};
					07BE21B529499313009EF326 = {
						CreatedOnToolsVersion = 14.1;
						TestTargetID = 07BE21A529499312009EF326;
					};
					07BE21BF29499313009EF326 = {
						CreatedOnToolsVersion = 14.1;
						TestTargetID = 07BE21A529499312009EF326;
					};
				};
			};
			buildConfigurationList = 07BE21A129499312009EF326 /* Build configuration list for PBXProject "CafeMap" */;
			compatibilityVersion = "Xcode 14.0";
			developmentRegion = en;
			hasScannedForEncodings = 0;
			knownRegions = (
				en,
				Base,
			);
			mainGroup = 07BE219D29499312009EF326;
			productRefGroup = 07BE21A729499312009EF326 /* Products */;
			projectDirPath = "";
			projectRoot = "";
			targets = (
				07BE21A529499312009EF326 /* CafeMap */,
				07BE21B529499313009EF326 /* CafeMapTests */,
				07BE21BF29499313009EF326 /* CafeMapUITests */,
			);
		};
/* End PBXProject section */

/* Begin PBXResourcesBuildPhase section */
		07BE21A429499312009EF326 /* Resources */ = {
			isa = PBXResourcesBuildPhase;
			buildActionMask = 2147483647;
			files = (
				072D483529499E0B0068D9BF /* Launch Screen.storyboard in Resources */,
				07BE21B129499313009EF326 /* Preview Assets.xcassets in Resources */,
				07BE21AE29499313009EF326 /* Assets.xcassets in Resources */,
			);
			runOnlyForDeploymentPostprocessing = 0;
		};
		07BE21B429499313009EF326 /* Resources */ = {
			isa = PBXResourcesBuildPhase;
			buildActionMask = 2147483647;
			files = (
			);
			runOnlyForDeploymentPostprocessing = 0;
		};
		07BE21BE29499313009EF326 /* Resources */ = {
			isa = PBXResourcesBuildPhase;
			buildActionMask = 2147483647;
			files = (
			);
			runOnlyForDeploymentPostprocessing = 0;
		};
/* End PBXResourcesBuildPhase section */

/* Begin PBXSourcesBuildPhase section */
		07BE21A229499312009EF326 /* Sources */ = {
			isa = PBXSourcesBuildPhase;
			buildActionMask = 2147483647;
			files = (
				07BE21AC29499312009EF326 /* ContentView.swift in Sources */,
				07BE21AA29499312009EF326 /* CafeMapApp.swift in Sources */,
			);
			runOnlyForDeploymentPostprocessing = 0;
		};
		07BE21B229499313009EF326 /* Sources */ = {
			isa = PBXSourcesBuildPhase;
			buildActionMask = 2147483647;
			files = (
				07BE21BB29499313009EF326 /* CafeMapTests.swift in Sources */,
			);
			runOnlyForDeploymentPostprocessing = 0;
		};
		07BE21BC29499313009EF326 /* Sources */ = {
			isa = PBXSourcesBuildPhase;
			buildActionMask = 2147483647;
			files = (
				07BE21C729499313009EF326 /* CafeMapUITestsLaunchTests.swift in Sources */,
				07BE21C529499313009EF326 /* CafeMapUITests.swift in Sources */,
			);
			runOnlyForDeploymentPostprocessing = 0;
		};
/* End PBXSourcesBuildPhase section */

/* Begin PBXTargetDependency section */
		07BE21B829499313009EF326 /* PBXTargetDependency */ = {
			isa = PBXTargetDependency;
			target = 07BE21A529499312009EF326 /* CafeMap */;
			targetProxy = 07BE21B729499313009EF326 /* PBXContainerItemProxy */;
		};
		07BE21C229499313009EF326 /* PBXTargetDependency */ = {
			isa = PBXTargetDependency;
			target = 07BE21A529499312009EF326 /* CafeMap */;
			targetProxy = 07BE21C129499313009EF326 /* PBXContainerItemProxy */;
		};
/* End PBXTargetDependency section */

/* Begin XCBuildConfiguration section */
		07BE21C829499313009EF326 /* Debug */ = {
			isa = XCBuildConfiguration;
			buildSettings = {
				ALWAYS_SEARCH_USER_PATHS = NO;
				CLANG_ANALYZER_NONNULL = YES;
				CLANG_ANALYZER_NUMBER_OBJECT_CONVERSION = YES_AGGRESSIVE;
				CLANG_CXX_LANGUAGE_STANDARD = "gnu++20";
				CLANG_ENABLE_MODULES = YES;
				CLANG_ENABLE_OBJC_ARC = YES;
				CLANG_ENABLE_OBJC_WEAK = YES;
				CLANG_WARN_BLOCK_CAPTURE_AUTORELEASING = YES;
				CLANG_WARN_BOOL_CONVERSION = YES;
				CLANG_WARN_COMMA = YES;
				CLANG_WARN_CONSTANT_CONVERSION = YES;
				CLANG_WARN_DEPRECATED_OBJC_IMPLEMENTATIONS = YES;
				CLANG_WARN_DIRECT_OBJC_ISA_USAGE = YES_ERROR;
				CLANG_WARN_DOCUMENTATION_COMMENTS = YES;
				CLANG_WARN_EMPTY_BODY = YES;
				CLANG_WARN_ENUM_CONVERSION = YES;
				CLANG_WARN_INFINITE_RECURSION = YES;
				CLANG_WARN_INT_CONVERSION = YES;
				CLANG_WARN_NON_LITERAL_NULL_CONVERSION = YES;
				CLANG_WARN_OBJC_IMPLICIT_RETAIN_SELF = YES;
				CLANG_WARN_OBJC_LITERAL_CONVERSION = YES;
				CLANG_WARN_OBJC_ROOT_CLASS = YES_ERROR;
				CLANG_WARN_QUOTED_INCLUDE_IN_FRAMEWORK_HEADER = YES;
				CLANG_WARN_RANGE_LOOP_ANALYSIS = YES;
				CLANG_WARN_STRICT_PROTOTYPES = YES;
				CLANG_WARN_SUSPICIOUS_MOVE = YES;
				CLANG_WARN_UNGUARDED_AVAILABILITY = YES_AGGRESSIVE;
				CLANG_WARN_UNREACHABLE_CODE = YES;
				CLANG_WARN__DUPLICATE_METHOD_MATCH = YES;
				COPY_PHASE_STRIP = NO;
				DEBUG_INFORMATION_FORMAT = dwarf;
				ENABLE_STRICT_OBJC_MSGSEND = YES;
				ENABLE_TESTABILITY = YES;
				GCC_C_LANGUAGE_STANDARD = gnu11;
				GCC_DYNAMIC_NO_PIC = NO;
				GCC_NO_COMMON_BLOCKS = YES;
				GCC_OPTIMIZATION_LEVEL = 0;
				GCC_PREPROCESSOR_DEFINITIONS = (
					"DEBUG=1",
					"$(inherited)",
				);
				GCC_WARN_64_TO_32_BIT_CONVERSION = YES;
				GCC_WARN_ABOUT_RETURN_TYPE = YES_ERROR;
				GCC_WARN_UNDECLARED_SELECTOR = YES;
				GCC_WARN_UNINITIALIZED_AUTOS = YES_AGGRESSIVE;
				GCC_WARN_UNUSED_FUNCTION = YES;
				GCC_WARN_UNUSED_VARIABLE = YES;
				IPHONEOS_DEPLOYMENT_TARGET = 16.1;
				MTL_ENABLE_DEBUG_INFO = INCLUDE_SOURCE;
				MTL_FAST_MATH = YES;
				ONLY_ACTIVE_ARCH = YES;
				SDKROOT = iphoneos;
				SWIFT_ACTIVE_COMPILATION_CONDITIONS = DEBUG;
				SWIFT_OPTIMIZATION_LEVEL = "-Onone";
			};
			name = Debug;
		};
		07BE21C929499313009EF326 /* Release */ = {
			isa = XCBuildConfiguration;
			buildSettings = {
				ALWAYS_SEARCH_USER_PATHS = NO;
				CLANG_ANALYZER_NONNULL = YES;
				CLANG_ANALYZER_NUMBER_OBJECT_CONVERSION = YES_AGGRESSIVE;
				CLANG_CXX_LANGUAGE_STANDARD = "gnu++20";
				CLANG_ENABLE_MODULES = YES;
				CLANG_ENABLE_OBJC_ARC = YES;
				CLANG_ENABLE_OBJC_WEAK = YES;
				CLANG_WARN_BLOCK_CAPTURE_AUTORELEASING = YES;
				CLANG_WARN_BOOL_CONVERSION = YES;
				CLANG_WARN_COMMA = YES;
				CLANG_WARN_CONSTANT_CONVERSION = YES;
				CLANG_WARN_DEPRECATED_OBJC_IMPLEMENTATIONS = YES;
				CLANG_WARN_DIRECT_OBJC_ISA_USAGE = YES_ERROR;
				CLANG_WARN_DOCUMENTATION_COMMENTS = YES;
				CLANG_WARN_EMPTY_BODY = YES;
				CLANG_WARN_ENUM_CONVERSION = YES;
				CLANG_WARN_INFINITE_RECURSION = YES;
				CLANG_WARN_INT_CONVERSION = YES;
				CLANG_WARN_NON_LITERAL_NULL_CONVERSION = YES;
				CLANG_WARN_OBJC_IMPLICIT_RETAIN_SELF = YES;
				CLANG_WARN_OBJC_LITERAL_CONVERSION = YES;
				CLANG_WARN_OBJC_ROOT_CLASS = YES_ERROR;
				CLANG_WARN_QUOTED_INCLUDE_IN_FRAMEWORK_HEADER = YES;
				CLANG_WARN_RANGE_LOOP_ANALYSIS = YES;
				CLANG_WARN_STRICT_PROTOTYPES = YES;
				CLANG_WARN_SUSPICIOUS_MOVE = YES;
				CLANG_WARN_UNGUARDED_AVAILABILITY = YES_AGGRESSIVE;
				CLANG_WARN_UNREACHABLE_CODE = YES;
				CLANG_WARN__DUPLICATE_METHOD_MATCH = YES;
				COPY_PHASE_STRIP = NO;
				DEBUG_INFORMATION_FORMAT = "dwarf-with-dsym";
				ENABLE_NS_ASSERTIONS = NO;
				ENABLE_STRICT_OBJC_MSGSEND = YES;
				GCC_C_LANGUAGE_STANDARD = gnu11;
				GCC_NO_COMMON_BLOCKS = YES;
				GCC_WARN_64_TO_32_BIT_CONVERSION = YES;
				GCC_WARN_ABOUT_RETURN_TYPE = YES_ERROR;
				GCC_WARN_UNDECLARED_SELECTOR = YES;
				GCC_WARN_UNINITIALIZED_AUTOS = YES_AGGRESSIVE;
				GCC_WARN_UNUSED_FUNCTION = YES;
				GCC_WARN_UNUSED_VARIABLE = YES;
				IPHONEOS_DEPLOYMENT_TARGET = 16.1;
				MTL_ENABLE_DEBUG_INFO = NO;
				MTL_FAST_MATH = YES;
				SDKROOT = iphoneos;
				SWIFT_COMPILATION_MODE = wholemodule;
				SWIFT_OPTIMIZATION_LEVEL = "-O";
				VALIDATE_PRODUCT = YES;
			};
			name = Release;
		};
		07BE21CB29499313009EF326 /* Debug */ = {
			isa = XCBuildConfiguration;
			buildSettings = {
				ASSETCATALOG_COMPILER_APPICON_NAME = AppIcon;
				ASSETCATALOG_COMPILER_GLOBAL_ACCENT_COLOR_NAME = AccentColor;
				CODE_SIGN_STYLE = Automatic;
				CURRENT_PROJECT_VERSION = 1;
				DEVELOPMENT_ASSET_PATHS = "\"CafeMap/Preview Content\"";
				DEVELOPMENT_TEAM = 28L2AEQJ47;
				ENABLE_PREVIEWS = YES;
				GENERATE_INFOPLIST_FILE = YES;
				INFOPLIST_KEY_UIApplicationSceneManifest_Generation = YES;
				INFOPLIST_KEY_UIApplicationSupportsIndirectInputEvents = YES;
				INFOPLIST_KEY_UILaunchScreen_Generation = YES;
				INFOPLIST_KEY_UILaunchStoryboardName = "Launch Screen.storyboard";
				INFOPLIST_KEY_UISupportedInterfaceOrientations_iPad = "UIInterfaceOrientationPortrait UIInterfaceOrientationPortraitUpsideDown UIInterfaceOrientationLandscapeLeft UIInterfaceOrientationLandscapeRight";
				INFOPLIST_KEY_UISupportedInterfaceOrientations_iPhone = "UIInterfaceOrientationPortrait UIInterfaceOrientationLandscapeLeft UIInterfaceOrientationLandscapeRight";
				INFOPLIST_KEY_UIUserInterfaceStyle = Light;
				LD_RUNPATH_SEARCH_PATHS = (
					"$(inherited)",
					"@executable_path/Frameworks",
				);
				MARKETING_VERSION = 1.0;
				PRODUCT_BUNDLE_IDENTIFIER = com.chaving.CafeMap;
				PRODUCT_NAME = "$(TARGET_NAME)";
				SWIFT_EMIT_LOC_STRINGS = YES;
				SWIFT_VERSION = 5.0;
				TARGETED_DEVICE_FAMILY = "1,2";
			};
			name = Debug;
		};
		07BE21CC29499313009EF326 /* Release */ = {
			isa = XCBuildConfiguration;
			buildSettings = {
				ASSETCATALOG_COMPILER_APPICON_NAME = AppIcon;
				ASSETCATALOG_COMPILER_GLOBAL_ACCENT_COLOR_NAME = AccentColor;
				CODE_SIGN_STYLE = Automatic;
				CURRENT_PROJECT_VERSION = 1;
				DEVELOPMENT_ASSET_PATHS = "\"CafeMap/Preview Content\"";
				DEVELOPMENT_TEAM = 28L2AEQJ47;
				ENABLE_PREVIEWS = YES;
				GENERATE_INFOPLIST_FILE = YES;
				INFOPLIST_KEY_UIApplicationSceneManifest_Generation = YES;
				INFOPLIST_KEY_UIApplicationSupportsIndirectInputEvents = YES;
				INFOPLIST_KEY_UILaunchScreen_Generation = YES;
				INFOPLIST_KEY_UILaunchStoryboardName = "Launch Screen.storyboard";
				INFOPLIST_KEY_UISupportedInterfaceOrientations_iPad = "UIInterfaceOrientationPortrait UIInterfaceOrientationPortraitUpsideDown UIInterfaceOrientationLandscapeLeft UIInterfaceOrientationLandscapeRight";
				INFOPLIST_KEY_UISupportedInterfaceOrientations_iPhone = "UIInterfaceOrientationPortrait UIInterfaceOrientationLandscapeLeft UIInterfaceOrientationLandscapeRight";
				INFOPLIST_KEY_UIUserInterfaceStyle = Light;
				LD_RUNPATH_SEARCH_PATHS = (
					"$(inherited)",
					"@executable_path/Frameworks",
				);
				MARKETING_VERSION = 1.0;
				PRODUCT_BUNDLE_IDENTIFIER = com.chaving.CafeMap;
				PRODUCT_NAME = "$(TARGET_NAME)";
				SWIFT_EMIT_LOC_STRINGS = YES;
				SWIFT_VERSION = 5.0;
				TARGETED_DEVICE_FAMILY = "1,2";
			};
			name = Release;
		};
		07BE21CE29499313009EF326 /* Debug */ = {
			isa = XCBuildConfiguration;
			buildSettings = {
				ALWAYS_EMBED_SWIFT_STANDARD_LIBRARIES = YES;
				BUNDLE_LOADER = "$(TEST_HOST)";
				CODE_SIGN_STYLE = Automatic;
				CURRENT_PROJECT_VERSION = 1;
				DEVELOPMENT_TEAM = 28L2AEQJ47;
				GENERATE_INFOPLIST_FILE = YES;
				IPHONEOS_DEPLOYMENT_TARGET = 16.1;
				MARKETING_VERSION = 1.0;
				PRODUCT_BUNDLE_IDENTIFIER = com.chaving.CafeMapTests;
				PRODUCT_NAME = "$(TARGET_NAME)";
				SWIFT_EMIT_LOC_STRINGS = NO;
				SWIFT_VERSION = 5.0;
				TARGETED_DEVICE_FAMILY = "1,2";
				TEST_HOST = "$(BUILT_PRODUCTS_DIR)/CafeMap.app/$(BUNDLE_EXECUTABLE_FOLDER_PATH)/CafeMap";
			};
			name = Debug;
		};
		07BE21CF29499313009EF326 /* Release */ = {
			isa = XCBuildConfiguration;
			buildSettings = {
				ALWAYS_EMBED_SWIFT_STANDARD_LIBRARIES = YES;
				BUNDLE_LOADER = "$(TEST_HOST)";
				CODE_SIGN_STYLE = Automatic;
				CURRENT_PROJECT_VERSION = 1;
				DEVELOPMENT_TEAM = 28L2AEQJ47;
				GENERATE_INFOPLIST_FILE = YES;
				IPHONEOS_DEPLOYMENT_TARGET = 16.1;
				MARKETING_VERSION = 1.0;
				PRODUCT_BUNDLE_IDENTIFIER = com.chaving.CafeMapTests;
				PRODUCT_NAME = "$(TARGET_NAME)";
				SWIFT_EMIT_LOC_STRINGS = NO;
				SWIFT_VERSION = 5.0;
				TARGETED_DEVICE_FAMILY = "1,2";
				TEST_HOST = "$(BUILT_PRODUCTS_DIR)/CafeMap.app/$(BUNDLE_EXECUTABLE_FOLDER_PATH)/CafeMap";
			};
			name = Release;
		};
		07BE21D129499313009EF326 /* Debug */ = {
			isa = XCBuildConfiguration;
			buildSettings = {
				ALWAYS_EMBED_SWIFT_STANDARD_LIBRARIES = YES;
				CODE_SIGN_STYLE = Automatic;
				CURRENT_PROJECT_VERSION = 1;
				DEVELOPMENT_TEAM = 28L2AEQJ47;
				GENERATE_INFOPLIST_FILE = YES;
				MARKETING_VERSION = 1.0;
				PRODUCT_BUNDLE_IDENTIFIER = com.chaving.CafeMapUITests;
				PRODUCT_NAME = "$(TARGET_NAME)";
				SWIFT_EMIT_LOC_STRINGS = NO;
				SWIFT_VERSION = 5.0;
				TARGETED_DEVICE_FAMILY = "1,2";
				TEST_TARGET_NAME = CafeMap;
			};
			name = Debug;
		};
		07BE21D229499313009EF326 /* Release */ = {
			isa = XCBuildConfiguration;
			buildSettings = {
				ALWAYS_EMBED_SWIFT_STANDARD_LIBRARIES = YES;
				CODE_SIGN_STYLE = Automatic;
				CURRENT_PROJECT_VERSION = 1;
				DEVELOPMENT_TEAM = 28L2AEQJ47;
				GENERATE_INFOPLIST_FILE = YES;
				MARKETING_VERSION = 1.0;
				PRODUCT_BUNDLE_IDENTIFIER = com.chaving.CafeMapUITests;
				PRODUCT_NAME = "$(TARGET_NAME)";
				SWIFT_EMIT_LOC_STRINGS = NO;
				SWIFT_VERSION = 5.0;
				TARGETED_DEVICE_FAMILY = "1,2";
				TEST_TARGET_NAME = CafeMap;
			};
			name = Release;
		};
/* End XCBuildConfiguration section */

/* Begin XCConfigurationList section */
		07BE21A129499312009EF326 /* Build configuration list for PBXProject "CafeMap" */ = {
			isa = XCConfigurationList;
			buildConfigurations = (
				07BE21C829499313009EF326 /* Debug */,
				07BE21C929499313009EF326 /* Release */,
			);
			defaultConfigurationIsVisible = 0;
			defaultConfigurationName = Release;
		};
		07BE21CA29499313009EF326 /* Build configuration list for PBXNativeTarget "CafeMap" */ = {
			isa = XCConfigurationList;
			buildConfigurations = (
				07BE21CB29499313009EF326 /* Debug */,
				07BE21CC29499313009EF326 /* Release */,
			);
			defaultConfigurationIsVisible = 0;
			defaultConfigurationName = Release;
		};
		07BE21CD29499313009EF326 /* Build configuration list for PBXNativeTarget "CafeMapTests" */ = {
			isa = XCConfigurationList;
			buildConfigurations = (
				07BE21CE29499313009EF326 /* Debug */,
				07BE21CF29499313009EF326 /* Release */,
			);
			defaultConfigurationIsVisible = 0;
			defaultConfigurationName = Release;
		};
		07BE21D029499313009EF326 /* Build configuration list for PBXNativeTarget "CafeMapUITests" */ = {
			isa = XCConfigurationList;
			buildConfigurations = (
				07BE21D129499313009EF326 /* Debug */,
				07BE21D229499313009EF326 /* Release */,
			);
			defaultConfigurationIsVisible = 0;
			defaultConfigurationName = Release;
		};
/* End XCConfigurationList section */
	};
	rootObject = 07BE219E29499312009EF326 /* Project object */;
}
